
Microsoft Visual Studio Solution File, Format Version 12.00
# Visual Studio Version 17
VisualStudioVersion = 17.11.35327.3
MinimumVisualStudioVersion = 10.0.40219.1
Project("{F184B08F-C81C-45F6-A57F-5ABD9991F28F}") = "Typical Fantasy Resturant", "Typical Fantasy Resturant\Typical Fantasy Resturant.vbproj", "{A5935EDA-BE8C-4E20-A8AB-20097C5ECD8E}"
EndProject
Global
	GlobalSection(SolutionConfigurationPlatforms) = preSolution
		Debug|Any CPU = Debug|Any CPU
		Release|Any CPU = Release|Any CPU
	EndGlobalSection
	GlobalSection(ProjectConfigurationPlatforms) = postSolution
		{A5935EDA-BE8C-4E20-A8AB-20097C5ECD8E}.Debug|Any CPU.ActiveCfg = Debug|Any CPU
		{A5935EDA-BE8C-4E20-A8AB-20097C5ECD8E}.Debug|Any CPU.Build.0 = Debug|Any CPU
		{A5935EDA-BE8C-4E20-A8AB-20097C5ECD8E}.Release|Any CPU.ActiveCfg = Release|Any CPU
		{A5935EDA-BE8C-4E20-A8AB-20097C5ECD8E}.Release|Any CPU.Build.0 = Release|Any CPU
	EndGlobalSection
	GlobalSection(SolutionProperties) = preSolution
		HideSolutionNode = FALSE
	EndGlobalSection
	GlobalSection(ExtensibilityGlobals) = postSolution
		SolutionGuid = {C67160FC-92F3-4576-9CB6-CFA2B804911C}
	EndGlobalSection
EndGlobal
